// !$*UTF8*$!
{
	archiveVersion = 1;
	classes = {
	};
	objectVersion = 50;
	objects = {

/* Begin PBXBuildFile section */
		21EF50D4DDEBDC1D9388690B /* Pods_TwitterLogin.framework in Frameworks */ = {isa = PBXBuildFile; fileRef = 8AE2478CCBFDCFDF88EC9DB2 /* Pods_TwitterLogin.framework */; };
		8497955521E06363003730FC /* AppDelegate.swift in Sources */ = {isa = PBXBuildFile; fileRef = 8497955421E06363003730FC /* AppDelegate.swift */; };
		8497955721E06363003730FC /* ViewController.swift in Sources */ = {isa = PBXBuildFile; fileRef = 8497955621E06363003730FC /* ViewController.swift */; };
		8497955A21E06363003730FC /* Main.storyboard in Resources */ = {isa = PBXBuildFile; fileRef = 8497955821E06363003730FC /* Main.storyboard */; };
		8497955C21E06364003730FC /* Assets.xcassets in Resources */ = {isa = PBXBuildFile; fileRef = 8497955B21E06364003730FC /* Assets.xcassets */; };
		8497955F21E06364003730FC /* LaunchScreen.storyboard in Resources */ = {isa = PBXBuildFile; fileRef = 8497955D21E06364003730FC /* LaunchScreen.storyboard */; };
		8497956721E06F0C003730FC /* Twitter.framework in Frameworks */ = {isa = PBXBuildFile; fileRef = 8497956621E06F0C003730FC /* Twitter.framework */; };
		8497956921E07108003730FC /* SafariServices.framework in Frameworks */ = {isa = PBXBuildFile; fileRef = 8497956821E07108003730FC /* SafariServices.framework */; };
/* End PBXBuildFile section */

/* Begin PBXFileReference section */
		6B85C1CD4065D90D44D77419 /* Pods-TwitterLogin.release.xcconfig */ = {isa = PBXFileReference; includeInIndex = 1; lastKnownFileType = text.xcconfig; name = "Pods-TwitterLogin.release.xcconfig"; path = "Pods/Target Support Files/Pods-TwitterLogin/Pods-TwitterLogin.release.xcconfig"; sourceTree = "<group>"; };
		8497955121E06363003730FC /* TwitterLogin.app */ = {isa = PBXFileReference; explicitFileType = wrapper.application; includeInIndex = 0; path = TwitterLogin.app; sourceTree = BUILT_PRODUCTS_DIR; };
		8497955421E06363003730FC /* AppDelegate.swift */ = {isa = PBXFileReference; lastKnownFileType = sourcecode.swift; path = AppDelegate.swift; sourceTree = "<group>"; };
		8497955621E06363003730FC /* ViewController.swift */ = {isa = PBXFileReference; lastKnownFileType = sourcecode.swift; path = ViewController.swift; sourceTree = "<group>"; };
		8497955921E06363003730FC /* Base */ = {isa = PBXFileReference; lastKnownFileType = file.storyboard; name = Base; path = Base.lproj/Main.storyboard; sourceTree = "<group>"; };
		8497955B21E06364003730FC /* Assets.xcassets */ = {isa = PBXFileReference; lastKnownFileType = folder.assetcatalog; path = Assets.xcassets; sourceTree = "<group>"; };
		8497955E21E06364003730FC /* Base */ = {isa = PBXFileReference; lastKnownFileType = file.storyboard; name = Base; path = Base.lproj/LaunchScreen.storyboard; sourceTree = "<group>"; };
		8497956021E06364003730FC /* Info.plist */ = {isa = PBXFileReference; lastKnownFileType = text.plist.xml; path = Info.plist; sourceTree = "<group>"; };
		8497956621E06F0C003730FC /* Twitter.framework */ = {isa = PBXFileReference; lastKnownFileType = wrapper.framework; name = Twitter.framework; path = System/Library/Frameworks/Twitter.framework; sourceTree = SDKROOT; };
		8497956821E07108003730FC /* SafariServices.framework */ = {isa = PBXFileReference; lastKnownFileType = wrapper.framework; name = SafariServices.framework; path = System/Library/Frameworks/SafariServices.framework; sourceTree = SDKROOT; };
		8AE2478CCBFDCFDF88EC9DB2 /* Pods_TwitterLogin.framework */ = {isa = PBXFileReference; explicitFileType = wrapper.framework; includeInIndex = 0; path = Pods_TwitterLogin.framework; sourceTree = BUILT_PRODUCTS_DIR; };
		AF3087A6C169C44BA57413A8 /* Pods-TwitterLogin.debug.xcconfig */ = {isa = PBXFileReference; includeInIndex = 1; lastKnownFileType = text.xcconfig; name = "Pods-TwitterLogin.debug.xcconfig"; path = "Pods/Target Support Files/Pods-TwitterLogin/Pods-TwitterLogin.debug.xcconfig"; sourceTree = "<group>"; };
/* End PBXFileReference section */

/* Begin PBXFrameworksBuildPhase section */
		8497954E21E06363003730FC /* Frameworks */ = {
			isa = PBXFrameworksBuildPhase;
			buildActionMask = 2147483647;
			files = (
				8497956921E07108003730FC /* SafariServices.framework in Frameworks */,
				8497956721E06F0C003730FC /* Twitter.framework in Frameworks */,
				21EF50D4DDEBDC1D9388690B /* Pods_TwitterLogin.framework in Frameworks */,
			);
			runOnlyForDeploymentPostprocessing = 0;
		};
/* End PBXFrameworksBuildPhase section */

/* Begin PBXGroup section */
		6CD76F6CBB12011FB3B25817 /* Pods */ = {
			isa = PBXGroup;
			children = (
				AF3087A6C169C44BA57413A8 /* Pods-TwitterLogin.debug.xcconfig */,
				6B85C1CD4065D90D44D77419 /* Pods-TwitterLogin.release.xcconfig */,
			);
			name = Pods;
			sourceTree = "<group>";
		};
		8497954821E06363003730FC = {
			isa = PBXGroup;
			children = (
				8497955321E06363003730FC /* TwitterLogin */,
				8497955221E06363003730FC /* Products */,
				6CD76F6CBB12011FB3B25817 /* Pods */,
				EA3D699C0E4CB36B78B6F422 /* Frameworks */,
			);
			sourceTree = "<group>";
		};
		8497955221E06363003730FC /* Products */ = {
			isa = PBXGroup;
			children = (
				8497955121E06363003730FC /* TwitterLogin.app */,
			);
			name = Products;
			sourceTree = "<group>";
		};
		8497955321E06363003730FC /* TwitterLogin */ = {
			isa = PBXGroup;
			children = (
				8497955421E06363003730FC /* AppDelegate.swift */,
				8497955621E06363003730FC /* ViewController.swift */,
				8497955821E06363003730FC /* Main.storyboard */,
				8497955B21E06364003730FC /* Assets.xcassets */,
				8497955D21E06364003730FC /* LaunchScreen.storyboard */,
				8497956021E06364003730FC /* Info.plist */,
			);
			path = TwitterLogin;
			sourceTree = "<group>";
		};
		EA3D699C0E4CB36B78B6F422 /* Frameworks */ = {
			isa = PBXGroup;
			children = (
				8497956821E07108003730FC /* SafariServices.framework */,
				8497956621E06F0C003730FC /* Twitter.framework */,
				8AE2478CCBFDCFDF88EC9DB2 /* Pods_TwitterLogin.framework */,
			);
			name = Frameworks;
			sourceTree = "<group>";
		};
/* End PBXGroup section */

/* Begin PBXNativeTarget section */
		8497955021E06363003730FC /* TwitterLogin */ = {
			isa = PBXNativeTarget;
			buildConfigurationList = 8497956321E06364003730FC /* Build configuration list for PBXNativeTarget "TwitterLogin" */;
			buildPhases = (
				7BA40637880BA44D663F3313 /* [CP] Check Pods Manifest.lock */,
				8497954D21E06363003730FC /* Sources */,
				8497954E21E06363003730FC /* Frameworks */,
				8497954F21E06363003730FC /* Resources */,
				FB9708126104B8B7B53B7EC1 /* [CP] Embed Pods Frameworks */,
				9B1F0255C17B23A76CBF0AA8 /* [CP] Copy Pods Resources */,
			);
			buildRules = (
			);
			dependencies = (
			);
			name = TwitterLogin;
			productName = TwitterLogin;
			productReference = 8497955121E06363003730FC /* TwitterLogin.app */;
			productType = "com.apple.product-type.application";
		};
/* End PBXNativeTarget section */

/* Begin PBXProject section */
		8497954921E06363003730FC /* Project object */ = {
			isa = PBXProject;
			attributes = {
				LastSwiftUpdateCheck = 1000;
				LastUpgradeCheck = 1000;
				ORGANIZATIONNAME = VISHAL;
				TargetAttributes = {
					8497955021E06363003730FC = {
						CreatedOnToolsVersion = 10.0;
					};
				};
			};
			buildConfigurationList = 8497954C21E06363003730FC /* Build configuration list for PBXProject "TwitterLogin" */;
			compatibilityVersion = "Xcode 9.3";
			developmentRegion = en;
			hasScannedForEncodings = 0;
			knownRegions = (
				en,
				Base,
			);
			mainGroup = 8497954821E06363003730FC;
			productRefGroup = 8497955221E06363003730FC /* Products */;
			projectDirPath = "";
			projectRoot = "";
			targets = (
				8497955021E06363003730FC /* TwitterLogin */,
			);
		};
/* End PBXProject section */

/* Begin PBXResourcesBuildPhase section */
		8497954F21E06363003730FC /* Resources */ = {
			isa = PBXResourcesBuildPhase;
			buildActionMask = 2147483647;
			files = (
				8497955F21E06364003730FC /* LaunchScreen.storyboard in Resources */,
				8497955C21E06364003730FC /* Assets.xcassets in Resources */,
				8497955A21E06363003730FC /* Main.storyboard in Resources */,
			);
			runOnlyForDeploymentPostprocessing = 0;
		};
/* End PBXResourcesBuildPhase section */

/* Begin PBXShellScriptBuildPhase section */
		7BA40637880BA44D663F3313 /* [CP] Check Pods Manifest.lock */ = {
			isa = PBXShellScriptBuildPhase;
			buildActionMask = 2147483647;
			files = (
			);
			inputFileListPaths = (
			);
			inputPaths = (
				"${PODS_PODFILE_DIR_PATH}/Podfile.lock",
				"${PODS_ROOT}/Manifest.lock",
			);
			name = "[CP] Check Pods Manifest.lock";
			outputFileListPaths = (
			);
			outputPaths = (
				"$(DERIVED_FILE_DIR)/Pods-TwitterLogin-checkManifestLockResult.txt",
			);
			runOnlyForDeploymentPostprocessing = 0;
			shellPath = /bin/sh;
			shellScript = "diff \"${PODS_PODFILE_DIR_PATH}/Podfile.lock\" \"${PODS_ROOT}/Manifest.lock\" > /dev/null\nif [ $? != 0 ] ; then\n    # print error to STDERR\n    echo \"error: The sandbox is not in sync with the Podfile.lock. Run 'pod install' or update your CocoaPods installation.\" >&2\n    exit 1\nfi\n# This output is used by Xcode 'outputs' to avoid re-running this script phase.\necho \"SUCCESS\" > \"${SCRIPT_OUTPUT_FILE_0}\"\n";
			showEnvVarsInLog = 0;
		};
		9B1F0255C17B23A76CBF0AA8 /* [CP] Copy Pods Resources */ = {
			isa = PBXShellScriptBuildPhase;
			buildActionMask = 2147483647;
			files = (
			);
			inputFileListPaths = (
			);
			inputPaths = (
				"${SRCROOT}/Pods/Target Support Files/Pods-TwitterLogin/Pods-TwitterLogin-resources.sh",
				"${PODS_ROOT}/TwitterKit/iOS/TwitterKit.framework/TwitterKitResources.bundle",
			);
			name = "[CP] Copy Pods Resources";
			outputFileListPaths = (
			);
			outputPaths = (
				"${TARGET_BUILD_DIR}/${UNLOCALIZED_RESOURCES_FOLDER_PATH}/TwitterKitResources.bundle",
			);
			runOnlyForDeploymentPostprocessing = 0;
			shellPath = /bin/sh;
			shellScript = "\"${SRCROOT}/Pods/Target Support Files/Pods-TwitterLogin/Pods-TwitterLogin-resources.sh\"\n";
			showEnvVarsInLog = 0;
		};
		FB9708126104B8B7B53B7EC1 /* [CP] Embed Pods Frameworks */ = {
			isa = PBXShellScriptBuildPhase;
			buildActionMask = 2147483647;
			files = (
			);
			inputFileListPaths = (
			);
			inputPaths = (
				"${SRCROOT}/Pods/Target Support Files/Pods-TwitterLogin/Pods-TwitterLogin-frameworks.sh",
				"${PODS_ROOT}/TwitterCore/iOS/TwitterCore.framework",
				"${PODS_ROOT}/TwitterKit/iOS/TwitterKit.framework",
			);
			name = "[CP] Embed Pods Frameworks";
			outputFileListPaths = (
			);
			outputPaths = (
				"${TARGET_BUILD_DIR}/${FRAMEWORKS_FOLDER_PATH}/TwitterCore.framework",
				"${TARGET_BUILD_DIR}/${FRAMEWORKS_FOLDER_PATH}/TwitterKit.framework",
			);
			runOnlyForDeploymentPostprocessing = 0;
			shellPath = /bin/sh;
			shellScript = "\"${SRCROOT}/Pods/Target Support Files/Pods-TwitterLogin/Pods-TwitterLogin-frameworks.sh\"\n";
			showEnvVarsInLog = 0;
		};
/* End PBXShellScriptBuildPhase section */

/* Begin PBXSourcesBuildPhase section */
		8497954D21E06363003730FC /* Sources */ = {
			isa = PBXSourcesBuildPhase;
			buildActionMask = 2147483647;
			files = (
				8497955721E06363003730FC /* ViewController.swift in Sources */,
				8497955521E06363003730FC /* AppDelegate.swift in Sources */,
			);
			runOnlyForDeploymentPostprocessing = 0;
		};
/* End PBXSourcesBuildPhase section */

/* Begin PBXVariantGroup section */
		8497955821E06363003730FC /* Main.storyboard */ = {
			isa = PBXVariantGroup;
			children = (
				8497955921E06363003730FC /* Base */,
			);
			name = Main.storyboard;
			sourceTree = "<group>";
		};
		8497955D21E06364003730FC /* LaunchScreen.storyboard */ = {
			isa = PBXVariantGroup;
			children = (
				8497955E21E06364003730FC /* Base */,
			);
			name = LaunchScreen.storyboard;
			sourceTree = "<group>";
		};
/* End PBXVariantGroup section */

/* Begin XCBuildConfiguration section */
		8497956121E06364003730FC /* Debug */ = {
			isa = XCBuildConfiguration;
			buildSettings = {
				ALWAYS_SEARCH_USER_PATHS = NO;
				CLANG_ANALYZER_NONNULL = YES;
				CLANG_ANALYZER_NUMBER_OBJECT_CONVERSION = YES_AGGRESSIVE;
				CLANG_CXX_LANGUAGE_STANDARD = "gnu++14";
				CLANG_CXX_LIBRARY = "libc++";
				CLANG_ENABLE_MODULES = YES;
				CLANG_ENABLE_OBJC_ARC = YES;
				CLANG_ENABLE_OBJC_WEAK = YES;
				CLANG_WARN_BLOCK_CAPTURE_AUTORELEASING = YES;
				CLANG_WARN_BOOL_CONVERSION = YES;
				CLANG_WARN_COMMA = YES;
				CLANG_WARN_CONSTANT_CONVERSION = YES;
				CLANG_WARN_DEPRECATED_OBJC_IMPLEMENTATIONS = YES;
				CLANG_WARN_DIRECT_OBJC_ISA_USAGE = YES_ERROR;
				CLANG_WARN_DOCUMENTATION_COMMENTS = YES;
				CLANG_WARN_EMPTY_BODY = YES;
				CLANG_WARN_ENUM_CONVERSION = YES;
				CLANG_WARN_INFINITE_RECURSION = YES;
				CLANG_WARN_INT_CONVERSION = YES;
				CLANG_WARN_NON_LITERAL_NULL_CONVERSION = YES;
				CLANG_WARN_OBJC_IMPLICIT_RETAIN_SELF = YES;
				CLANG_WARN_OBJC_LITERAL_CONVERSION = YES;
				CLANG_WARN_OBJC_ROOT_CLASS = YES_ERROR;
				CLANG_WARN_RANGE_LOOP_ANALYSIS = YES;
				CLANG_WARN_STRICT_PROTOTYPES = YES;
				CLANG_WARN_SUSPICIOUS_MOVE = YES;
				CLANG_WARN_UNGUARDED_AVAILABILITY = YES_AGGRESSIVE;
				CLANG_WARN_UNREACHABLE_CODE = YES;
				CLANG_WARN__DUPLICATE_METHOD_MATCH = YES;
				CODE_SIGN_IDENTITY = "iPhone Developer";
				COPY_PHASE_STRIP = NO;
				DEBUG_INFORMATION_FORMAT = dwarf;
				ENABLE_STRICT_OBJC_MSGSEND = YES;
				ENABLE_TESTABILITY = YES;
				GCC_C_LANGUAGE_STANDARD = gnu11;
				GCC_DYNAMIC_NO_PIC = NO;
				GCC_NO_COMMON_BLOCKS = YES;
				GCC_OPTIMIZATION_LEVEL = 0;
				GCC_PREPROCESSOR_DEFINITIONS = (
					"DEBUG=1",
					"$(inherited)",
				);
				GCC_WARN_64_TO_32_BIT_CONVERSION = YES;
				GCC_WARN_ABOUT_RETURN_TYPE = YES_ERROR;
				GCC_WARN_UNDECLARED_SELECTOR = YES;
				GCC_WARN_UNINITIALIZED_AUTOS = YES_AGGRESSIVE;
				GCC_WARN_UNUSED_FUNCTION = YES;
				GCC_WARN_UNUSED_VARIABLE = YES;
				IPHONEOS_DEPLOYMENT_TARGET = 12.0;
				MTL_ENABLE_DEBUG_INFO = INCLUDE_SOURCE;
				MTL_FAST_MATH = YES;
				ONLY_ACTIVE_ARCH = YES;
				SDKROOT = iphoneos;
				SWIFT_ACTIVE_COMPILATION_CONDITIONS = DEBUG;
				SWIFT_OPTIMIZATION_LEVEL = "-Onone";
			};
			name = Debug;
		};
		8497956221E06364003730FC /* Release */ = {
			isa = XCBuildConfiguration;
			buildSettings = {
				ALWAYS_SEARCH_USER_PATHS = NO;
				CLANG_ANALYZER_NONNULL = YES;
				CLANG_ANALYZER_NUMBER_OBJECT_CONVERSION = YES_AGGRESSIVE;
				CLANG_CXX_LANGUAGE_STANDARD = "gnu++14";
				CLANG_CXX_LIBRARY = "libc++";
				CLANG_ENABLE_MODULES = YES;
				CLANG_ENABLE_OBJC_ARC = YES;
				CLANG_ENABLE_OBJC_WEAK = YES;
				CLANG_WARN_BLOCK_CAPTURE_AUTORELEASING = YES;
				CLANG_WARN_BOOL_CONVERSION = YES;
				CLANG_WARN_COMMA = YES;
				CLANG_WARN_CONSTANT_CONVERSION = YES;
				CLANG_WARN_DEPRECATED_OBJC_IMPLEMENTATIONS = YES;
				CLANG_WARN_DIRECT_OBJC_ISA_USAGE = YES_ERROR;
				CLANG_WARN_DOCUMENTATION_COMMENTS = YES;
				CLANG_WARN_EMPTY_BODY = YES;
				CLANG_WARN_ENUM_CONVERSION = YES;
				CLANG_WARN_INFINITE_RECURSION = YES;
				CLANG_WARN_INT_CONVERSION = YES;
				CLANG_WARN_NON_LITERAL_NULL_CONVERSION = YES;
				CLANG_WARN_OBJC_IMPLICIT_RETAIN_SELF = YES;
				CLANG_WARN_OBJC_LITERAL_CONVERSION = YES;
				CLANG_WARN_OBJC_ROOT_CLASS = YES_ERROR;
				CLANG_WARN_RANGE_LOOP_ANALYSIS = YES;
				CLANG_WARN_STRICT_PROTOTYPES = YES;
				CLANG_WARN_SUSPICIOUS_MOVE = YES;
				CLANG_WARN_UNGUARDED_AVAILABILITY = YES_AGGRESSIVE;
				CLANG_WARN_UNREACHABLE_CODE = YES;
				CLANG_WARN__DUPLICATE_METHOD_MATCH = YES;
				CODE_SIGN_IDENTITY = "iPhone Developer";
				COPY_PHASE_STRIP = NO;
				DEBUG_INFORMATION_FORMAT = "dwarf-with-dsym";
				ENABLE_NS_ASSERTIONS = NO;
				ENABLE_STRICT_OBJC_MSGSEND = YES;
				GCC_C_LANGUAGE_STANDARD = gnu11;
				GCC_NO_COMMON_BLOCKS = YES;
				GCC_WARN_64_TO_32_BIT_CONVERSION = YES;
				GCC_WARN_ABOUT_RETURN_TYPE = YES_ERROR;
				GCC_WARN_UNDECLARED_SELECTOR = YES;
				GCC_WARN_UNINITIALIZED_AUTOS = YES_AGGRESSIVE;
				GCC_WARN_UNUSED_FUNCTION = YES;
				GCC_WARN_UNUSED_VARIABLE = YES;
				IPHONEOS_DEPLOYMENT_TARGET = 12.0;
				MTL_ENABLE_DEBUG_INFO = NO;
				MTL_FAST_MATH = YES;
				SDKROOT = iphoneos;
				SWIFT_COMPILATION_MODE = wholemodule;
				SWIFT_OPTIMIZATION_LEVEL = "-O";
				VALIDATE_PRODUCT = YES;
			};
			name = Release;
		};
		8497956421E06364003730FC /* Debug */ = {
			isa = XCBuildConfiguration;
			baseConfigurationReference = AF3087A6C169C44BA57413A8 /* Pods-TwitterLogin.debug.xcconfig */;
			buildSettings = {
				ASSETCATALOG_COMPILER_APPICON_NAME = AppIcon;
				CODE_SIGN_IDENTITY = "iPhone Developer";
				CODE_SIGN_STYLE = Automatic;
				DEVELOPMENT_TEAM = BYAQT572T2;
				INFOPLIST_FILE = TwitterLogin/Info.plist;
				IPHONEOS_DEPLOYMENT_TARGET = 10.0;
				LD_RUNPATH_SEARCH_PATHS = (
					"$(inherited)",
					"@executable_path/Frameworks",
				);
				PRODUCT_BUNDLE_IDENTIFIER = com.examples;
				PRODUCT_NAME = "$(TARGET_NAME)";
				PROVISIONING_PROFILE_SPECIFIER = "";
				SWIFT_VERSION = 4.2;
				TARGETED_DEVICE_FAMILY = 1;
			};
			name = Debug;
		};
		8497956521E06364003730FC /* Release */ = {
			isa = XCBuildConfiguration;
			baseConfigurationReference = 6B85C1CD4065D90D44D77419 /* Pods-TwitterLogin.release.xcconfig */;
			buildSettings = {
				ASSETCATALOG_COMPILER_APPICON_NAME = AppIcon;
				CODE_SIGN_IDENTITY = "iPhone Developer";
				CODE_SIGN_STYLE = Automatic;
				DEVELOPMENT_TEAM = BYAQT572T2;
				INFOPLIST_FILE = TwitterLogin/Info.plist;
				IPHONEOS_DEPLOYMENT_TARGET = 10.0;
				LD_RUNPATH_SEARCH_PATHS = (
					"$(inherited)",
					"@executable_path/Frameworks",
				);
				PRODUCT_BUNDLE_IDENTIFIER = com.examples;
				PRODUCT_NAME = "$(TARGET_NAME)";
				PROVISIONING_PROFILE_SPECIFIER = "";
				SWIFT_VERSION = 4.2;
				TARGETED_DEVICE_FAMILY = 1;
			};
			name = Release;
		};
/* End XCBuildConfiguration section */

/* Begin XCConfigurationList section */
		8497954C21E06363003730FC /* Build configuration list for PBXProject "TwitterLogin" */ = {
			isa = XCConfigurationList;
			buildConfigurations = (
				8497956121E06364003730FC /* Debug */,
				8497956221E06364003730FC /* Release */,
			);
			defaultConfigurationIsVisible = 0;
			defaultConfigurationName = Release;
		};
		8497956321E06364003730FC /* Build configuration list for PBXNativeTarget "TwitterLogin" */ = {
			isa = XCConfigurationList;
			buildConfigurations = (
				8497956421E06364003730FC /* Debug */,
				8497956521E06364003730FC /* Release */,
			);
			defaultConfigurationIsVisible = 0;
			defaultConfigurationName = Release;
		};
/* End XCConfigurationList section */
	};
	rootObject = 8497954921E06363003730FC /* Project object */;
}
